// !$*UTF8*$!
{
	archiveVersion = 1;
	classes = {
	};
	objectVersion = 46;
	objects = {

/* Begin PBXBuildFile section */
		D7D953B61AD93F680041F937 /* main.m in Sources */ = {isa = PBXBuildFile; fileRef = D7D953B51AD93F680041F937 /* main.m */; };
		D7D953B91AD93F680041F937 /* AppDelegate.m in Sources */ = {isa = PBXBuildFile; fileRef = D7D953B81AD93F680041F937 /* AppDelegate.m */; };
		D7D953BC1AD93F680041F937 /* create.xcdatamodeld in Sources */ = {isa = PBXBuildFile; fileRef = D7D953BA1AD93F680041F937 /* create.xcdatamodeld */; };
		D7D953BF1AD93F680041F937 /* MasterViewController.m in Sources */ = {isa = PBXBuildFile; fileRef = D7D953BE1AD93F680041F937 /* MasterViewController.m */; };
		D7D953C21AD93F680041F937 /* DetailViewController.m in Sources */ = {isa = PBXBuildFile; fileRef = D7D953C11AD93F680041F937 /* DetailViewController.m */; };
		D7D953C51AD93F680041F937 /* Main.storyboard in Resources */ = {isa = PBXBuildFile; fileRef = D7D953C31AD93F680041F937 /* Main.storyboard */; };
		D7D953C71AD93F680041F937 /* Images.xcassets in Resources */ = {isa = PBXBuildFile; fileRef = D7D953C61AD93F680041F937 /* Images.xcassets */; };
		D7D953CA1AD93F680041F937 /* LaunchScreen.xib in Resources */ = {isa = PBXBuildFile; fileRef = D7D953C81AD93F680041F937 /* LaunchScreen.xib */; };
		D7D953D61AD93F680041F937 /* createTests.m in Sources */ = {isa = PBXBuildFile; fileRef = D7D953D51AD93F680041F937 /* createTests.m */; };
/* End PBXBuildFile section */

/* Begin PBXContainerItemProxy section */
		D7D953D01AD93F680041F937 /* PBXContainerItemProxy */ = {
			isa = PBXContainerItemProxy;
			containerPortal = D7D953A81AD93F680041F937 /* Project object */;
			proxyType = 1;
			remoteGlobalIDString = D7D953AF1AD93F680041F937;
			remoteInfo = create;
		};
/* End PBXContainerItemProxy section */

/* Begin PBXFileReference section */
		D7D953B01AD93F680041F937 /* create.app */ = {isa = PBXFileReference; explicitFileType = wrapper.application; includeInIndex = 0; path = create.app; sourceTree = BUILT_PRODUCTS_DIR; };
		D7D953B41AD93F680041F937 /* Info.plist */ = {isa = PBXFileReference; lastKnownFileType = text.plist.xml; path = Info.plist; sourceTree = "<group>"; };
		D7D953B51AD93F680041F937 /* main.m */ = {isa = PBXFileReference; lastKnownFileType = sourcecode.c.objc; path = main.m; sourceTree = "<group>"; };
		D7D953B71AD93F680041F937 /* AppDelegate.h */ = {isa = PBXFileReference; lastKnownFileType = sourcecode.c.h; path = AppDelegate.h; sourceTree = "<group>"; };
		D7D953B81AD93F680041F937 /* AppDelegate.m */ = {isa = PBXFileReference; lastKnownFileType = sourcecode.c.objc; path = AppDelegate.m; sourceTree = "<group>"; };
		D7D953BB1AD93F680041F937 /* create.xcdatamodel */ = {isa = PBXFileReference; lastKnownFileType = wrapper.xcdatamodel; path = create.xcdatamodel; sourceTree = "<group>"; };
		D7D953BD1AD93F680041F937 /* MasterViewController.h */ = {isa = PBXFileReference; lastKnownFileType = sourcecode.c.h; path = MasterViewController.h; sourceTree = "<group>"; };
		D7D953BE1AD93F680041F937 /* MasterViewController.m */ = {isa = PBXFileReference; lastKnownFileType = sourcecode.c.objc; path = MasterViewController.m; sourceTree = "<group>"; };
		D7D953C01AD93F680041F937 /* DetailViewController.h */ = {isa = PBXFileReference; lastKnownFileType = sourcecode.c.h; path = DetailViewController.h; sourceTree = "<group>"; };
		D7D953C11AD93F680041F937 /* DetailViewController.m */ = {isa = PBXFileReference; lastKnownFileType = sourcecode.c.objc; path = DetailViewController.m; sourceTree = "<group>"; };
		D7D953C41AD93F680041F937 /* Base */ = {isa = PBXFileReference; lastKnownFileType = file.storyboard; name = Base; path = Base.lproj/Main.storyboard; sourceTree = "<group>"; };
		D7D953C61AD93F680041F937 /* Images.xcassets */ = {isa = PBXFileReference; lastKnownFileType = folder.assetcatalog; path = Images.xcassets; sourceTree = "<group>"; };
		D7D953C91AD93F680041F937 /* Base */ = {isa = PBXFileReference; lastKnownFileType = file.xib; name = Base; path = Base.lproj/LaunchScreen.xib; sourceTree = "<group>"; };
		D7D953CF1AD93F680041F937 /* createTests.xctest */ = {isa = PBXFileReference; explicitFileType = wrapper.cfbundle; includeInIndex = 0; path = createTests.xctest; sourceTree = BUILT_PRODUCTS_DIR; };
		D7D953D41AD93F680041F937 /* Info.plist */ = {isa = PBXFileReference; lastKnownFileType = text.plist.xml; path = Info.plist; sourceTree = "<group>"; };
		D7D953D51AD93F680041F937 /* createTests.m */ = {isa = PBXFileReference; lastKnownFileType = sourcecode.c.objc; path = createTests.m; sourceTree = "<group>"; };
/* End PBXFileReference section */

/* Begin PBXFrameworksBuildPhase section */
		D7D953AD1AD93F680041F937 /* Frameworks */ = {
			isa = PBXFrameworksBuildPhase;
			buildActionMask = 2147483647;
			files = (
			);
			runOnlyForDeploymentPostprocessing = 0;
		};
		D7D953CC1AD93F680041F937 /* Frameworks */ = {
			isa = PBXFrameworksBuildPhase;
			buildActionMask = 2147483647;
			files = (
			);
			runOnlyForDeploymentPostprocessing = 0;
		};
/* End PBXFrameworksBuildPhase section */

/* Begin PBXGroup section */
		D7D953A71AD93F680041F937 = {
			isa = PBXGroup;
			children = (
				D7D953B21AD93F680041F937 /* create */,
				D7D953D21AD93F680041F937 /* createTests */,
				D7D953B11AD93F680041F937 /* Products */,
			);
			sourceTree = "<group>";
		};
		D7D953B11AD93F680041F937 /* Products */ = {
			isa = PBXGroup;
			children = (
				D7D953B01AD93F680041F937 /* create.app */,
				D7D953CF1AD93F680041F937 /* createTests.xctest */,
			);
			name = Products;
			sourceTree = "<group>";
		};
		D7D953B21AD93F680041F937 /* create */ = {
			isa = PBXGroup;
			children = (
				D7D953B71AD93F680041F937 /* AppDelegate.h */,
				D7D953B81AD93F680041F937 /* AppDelegate.m */,
				D7D953BD1AD93F680041F937 /* MasterViewController.h */,
				D7D953BE1AD93F680041F937 /* MasterViewController.m */,
				D7D953C01AD93F680041F937 /* DetailViewController.h */,
				D7D953C11AD93F680041F937 /* DetailViewController.m */,
				D7D953C31AD93F680041F937 /* Main.storyboard */,
				D7D953C61AD93F680041F937 /* Images.xcassets */,
				D7D953C81AD93F680041F937 /* LaunchScreen.xib */,
				D7D953BA1AD93F680041F937 /* create.xcdatamodeld */,
				D7D953B31AD93F680041F937 /* Supporting Files */,
			);
			path = create;
			sourceTree = "<group>";
		};
		D7D953B31AD93F680041F937 /* Supporting Files */ = {
			isa = PBXGroup;
			children = (
				D7D953B41AD93F680041F937 /* Info.plist */,
				D7D953B51AD93F680041F937 /* main.m */,
			);
			name = "Supporting Files";
			sourceTree = "<group>";
		};
		D7D953D21AD93F680041F937 /* createTests */ = {
			isa = PBXGroup;
			children = (
				D7D953D51AD93F680041F937 /* createTests.m */,
				D7D953D31AD93F680041F937 /* Supporting Files */,
			);
			path = createTests;
			sourceTree = "<group>";
		};
		D7D953D31AD93F680041F937 /* Supporting Files */ = {
			isa = PBXGroup;
			children = (
				D7D953D41AD93F680041F937 /* Info.plist */,
			);
			name = "Supporting Files";
			sourceTree = "<group>";
		};
/* End PBXGroup section */

/* Begin PBXNativeTarget section */
		D7D953AF1AD93F680041F937 /* create */ = {
			isa = PBXNativeTarget;
			buildConfigurationList = D7D953D91AD93F680041F937 /* Build configuration list for PBXNativeTarget "create" */;
			buildPhases = (
				D7D953AC1AD93F680041F937 /* Sources */,
				D7D953AD1AD93F680041F937 /* Frameworks */,
				D7D953AE1AD93F680041F937 /* Resources */,
			);
			buildRules = (
			);
			dependencies = (
			);
			name = create;
			productName = create;
			productReference = D7D953B01AD93F680041F937 /* create.app */;
			productType = "com.apple.product-type.application";
		};
		D7D953CE1AD93F680041F937 /* createTests */ = {
			isa = PBXNativeTarget;
			buildConfigurationList = D7D953DC1AD93F680041F937 /* Build configuration list for PBXNativeTarget "createTests" */;
			buildPhases = (
				D7D953CB1AD93F680041F937 /* Sources */,
				D7D953CC1AD93F680041F937 /* Frameworks */,
				D7D953CD1AD93F680041F937 /* Resources */,
			);
			buildRules = (
			);
			dependencies = (
				D7D953D11AD93F680041F937 /* PBXTargetDependency */,
			);
			name = createTests;
			productName = createTests;
			productReference = D7D953CF1AD93F680041F937 /* createTests.xctest */;
			productType = "com.apple.product-type.bundle.unit-test";
		};
/* End PBXNativeTarget section */

/* Begin PBXProject section */
		D7D953A81AD93F680041F937 /* Project object */ = {
			isa = PBXProject;
			attributes = {
				LastUpgradeCheck = 0630;
				ORGANIZATIONNAME = akimiya;
				TargetAttributes = {
					D7D953AF1AD93F680041F937 = {
						CreatedOnToolsVersion = 6.3;
					};
					D7D953CE1AD93F680041F937 = {
						CreatedOnToolsVersion = 6.3;
						TestTargetID = D7D953AF1AD93F680041F937;
					};
				};
			};
			buildConfigurationList = D7D953AB1AD93F680041F937 /* Build configuration list for PBXProject "create" */;
			compatibilityVersion = "Xcode 3.2";
			developmentRegion = English;
			hasScannedForEncodings = 0;
			knownRegions = (
				en,
				Base,
			);
			mainGroup = D7D953A71AD93F680041F937;
			productRefGroup = D7D953B11AD93F680041F937 /* Products */;
			projectDirPath = "";
			projectRoot = "";
			targets = (
				D7D953AF1AD93F680041F937 /* create */,
				D7D953CE1AD93F680041F937 /* createTests */,
			);
		};
/* End PBXProject section */

/* Begin PBXResourcesBuildPhase section */
		D7D953AE1AD93F680041F937 /* Resources */ = {
			isa = PBXResourcesBuildPhase;
			buildActionMask = 2147483647;
			files = (
				D7D953C51AD93F680041F937 /* Main.storyboard in Resources */,
				D7D953CA1AD93F680041F937 /* LaunchScreen.xib in Resources */,
				D7D953C71AD93F680041F937 /* Images.xcassets in Resources */,
			);
			runOnlyForDeploymentPostprocessing = 0;
		};
		D7D953CD1AD93F680041F937 /* Resources */ = {
			isa = PBXResourcesBuildPhase;
			buildActionMask = 2147483647;
			files = (
			);
			runOnlyForDeploymentPostprocessing = 0;
		};
/* End PBXResourcesBuildPhase section */

/* Begin PBXSourcesBuildPhase section */
		D7D953AC1AD93F680041F937 /* Sources */ = {
			isa = PBXSourcesBuildPhase;
			buildActionMask = 2147483647;
			files = (
				D7D953C21AD93F680041F937 /* DetailViewController.m in Sources */,
				D7D953BF1AD93F680041F937 /* MasterViewController.m in Sources */,
				D7D953B91AD93F680041F937 /* AppDelegate.m in Sources */,
				D7D953B61AD93F680041F937 /* main.m in Sources */,
				D7D953BC1AD93F680041F937 /* create.xcdatamodeld in Sources */,
			);
			runOnlyForDeploymentPostprocessing = 0;
		};
		D7D953CB1AD93F680041F937 /* Sources */ = {
			isa = PBXSourcesBuildPhase;
			buildActionMask = 2147483647;
			files = (
				D7D953D61AD93F680041F937 /* createTests.m in Sources */,
			);
			runOnlyForDeploymentPostprocessing = 0;
		};
/* End PBXSourcesBuildPhase section */

/* Begin PBXTargetDependency section */
		D7D953D11AD93F680041F937 /* PBXTargetDependency */ = {
			isa = PBXTargetDependency;
			target = D7D953AF1AD93F680041F937 /* create */;
			targetProxy = D7D953D01AD93F680041F937 /* PBXContainerItemProxy */;
		};
/* End PBXTargetDependency section */

/* Begin PBXVariantGroup section */
		D7D953C31AD93F680041F937 /* Main.storyboard */ = {
			isa = PBXVariantGroup;
			children = (
				D7D953C41AD93F680041F937 /* Base */,
			);
			name = Main.storyboard;
			sourceTree = "<group>";
		};
		D7D953C81AD93F680041F937 /* LaunchScreen.xib */ = {
			isa = PBXVariantGroup;
			children = (
				D7D953C91AD93F680041F937 /* Base */,
			);
			name = LaunchScreen.xib;
			sourceTree = "<group>";
		};
/* End PBXVariantGroup section */

/* Begin XCBuildConfiguration section */
		D7D953D71AD93F680041F937 /* Debug */ = {
			isa = XCBuildConfiguration;
			buildSettings = {
				ALWAYS_SEARCH_USER_PATHS = NO;
				CLANG_CXX_LANGUAGE_STANDARD = "gnu++0x";
				CLANG_CXX_LIBRARY = "libc++";
				CLANG_ENABLE_MODULES = YES;
				CLANG_ENABLE_OBJC_ARC = YES;
				CLANG_WARN_BOOL_CONVERSION = YES;
				CLANG_WARN_CONSTANT_CONVERSION = YES;
				CLANG_WARN_DIRECT_OBJC_ISA_USAGE = YES_ERROR;
				CLANG_WARN_EMPTY_BODY = YES;
				CLANG_WARN_ENUM_CONVERSION = YES;
				CLANG_WARN_INT_CONVERSION = YES;
				CLANG_WARN_OBJC_ROOT_CLASS = YES_ERROR;
				CLANG_WARN_UNREACHABLE_CODE = YES;
				CLANG_WARN__DUPLICATE_METHOD_MATCH = YES;
				"CODE_SIGN_IDENTITY[sdk=iphoneos*]" = "iPhone Developer";
				COPY_PHASE_STRIP = NO;
				DEBUG_INFORMATION_FORMAT = "dwarf-with-dsym";
				ENABLE_STRICT_OBJC_MSGSEND = YES;
				GCC_C_LANGUAGE_STANDARD = gnu99;
				GCC_DYNAMIC_NO_PIC = NO;
				GCC_NO_COMMON_BLOCKS = YES;
				GCC_OPTIMIZATION_LEVEL = 0;
				GCC_PREPROCESSOR_DEFINITIONS = (
					"DEBUG=1",
					"$(inherited)",
				);
				GCC_SYMBOLS_PRIVATE_EXTERN = NO;
				GCC_WARN_64_TO_32_BIT_CONVERSION = YES;
				GCC_WARN_ABOUT_RETURN_TYPE = YES_ERROR;
				GCC_WARN_UNDECLARED_SELECTOR = YES;
				GCC_WARN_UNINITIALIZED_AUTOS = YES_AGGRESSIVE;
				GCC_WARN_UNUSED_FUNCTION = YES;
				GCC_WARN_UNUSED_VARIABLE = YES;
				IPHONEOS_DEPLOYMENT_TARGET = 8.3;
				MTL_ENABLE_DEBUG_INFO = YES;
				ONLY_ACTIVE_ARCH = YES;
				SDKROOT = iphoneos;
				TARGETED_DEVICE_FAMILY = "1,2";
			};
			name = Debug;
		};
		D7D953D81AD93F680041F937 /* Release */ = {
			isa = XCBuildConfiguration;
			buildSettings = {
				ALWAYS_SEARCH_USER_PATHS = NO;
				CLANG_CXX_LANGUAGE_STANDARD = "gnu++0x";
				CLANG_CXX_LIBRARY = "libc++";
				CLANG_ENABLE_MODULES = YES;
				CLANG_ENABLE_OBJC_ARC = YES;
				CLANG_WARN_BOOL_CONVERSION = YES;
				CLANG_WARN_CONSTANT_CONVERSION = YES;
				CLANG_WARN_DIRECT_OBJC_ISA_USAGE = YES_ERROR;
				CLANG_WARN_EMPTY_BODY = YES;
				CLANG_WARN_ENUM_CONVERSION = YES;
				CLANG_WARN_INT_CONVERSION = YES;
				CLANG_WARN_OBJC_ROOT_CLASS = YES_ERROR;
				CLANG_WARN_UNREACHABLE_CODE = YES;
				CLANG_WARN__DUPLICATE_METHOD_MATCH = YES;
				"CODE_SIGN_IDENTITY[sdk=iphoneos*]" = "iPhone Developer";
				COPY_PHASE_STRIP = NO;
				DEBUG_INFORMATION_FORMAT = "dwarf-with-dsym";
				ENABLE_NS_ASSERTIONS = NO;
				ENABLE_STRICT_OBJC_MSGSEND = YES;
				GCC_C_LANGUAGE_STANDARD = gnu99;
				GCC_NO_COMMON_BLOCKS = YES;
				GCC_WARN_64_TO_32_BIT_CONVERSION = YES;
				GCC_WARN_ABOUT_RETURN_TYPE = YES_ERROR;
				GCC_WARN_UNDECLARED_SELECTOR = YES;
				GCC_WARN_UNINITIALIZED_AUTOS = YES_AGGRESSIVE;
				GCC_WARN_UNUSED_FUNCTION = YES;
				GCC_WARN_UNUSED_VARIABLE = YES;
				IPHONEOS_DEPLOYMENT_TARGET = 8.3;
				MTL_ENABLE_DEBUG_INFO = NO;
				SDKROOT = iphoneos;
				TARGETED_DEVICE_FAMILY = "1,2";
				VALIDATE_PRODUCT = YES;
			};
			name = Release;
		};
		D7D953DA1AD93F680041F937 /* Debug */ = {
			isa = XCBuildConfiguration;
			buildSettings = {
				ASSETCATALOG_COMPILER_APPICON_NAME = AppIcon;
				INFOPLIST_FILE = create/Info.plist;
				LD_RUNPATH_SEARCH_PATHS = "$(inherited) @executable_path/Frameworks";
				PRODUCT_NAME = "$(TARGET_NAME)";
			};
			name = Debug;
		};
		D7D953DB1AD93F680041F937 /* Release */ = {
			isa = XCBuildConfiguration;
			buildSettings = {
				ASSETCATALOG_COMPILER_APPICON_NAME = AppIcon;
				INFOPLIST_FILE = create/Info.plist;
				LD_RUNPATH_SEARCH_PATHS = "$(inherited) @executable_path/Frameworks";
				PRODUCT_NAME = "$(TARGET_NAME)";
			};
			name = Release;
		};
		D7D953DD1AD93F680041F937 /* Debug */ = {
			isa = XCBuildConfiguration;
			buildSettings = {
				BUNDLE_LOADER = "$(TEST_HOST)";
				FRAMEWORK_SEARCH_PATHS = (
					"$(SDKROOT)/Developer/Library/Frameworks",
					"$(inherited)",
				);
				GCC_PREPROCESSOR_DEFINITIONS = (
					"DEBUG=1",
					"$(inherited)",
				);
				INFOPLIST_FILE = createTests/Info.plist;
				LD_RUNPATH_SEARCH_PATHS = "$(inherited) @executable_path/Frameworks @loader_path/Frameworks";
				PRODUCT_NAME = "$(TARGET_NAME)";
				TEST_HOST = "$(BUILT_PRODUCTS_DIR)/create.app/create";
			};
			name = Debug;
		};
		D7D953DE1AD93F680041F937 /* Release */ = {
			isa = XCBuildConfiguration;
			buildSettings = {
				BUNDLE_LOADER = "$(TEST_HOST)";
				FRAMEWORK_SEARCH_PATHS = (
					"$(SDKROOT)/Developer/Library/Frameworks",
					"$(inherited)",
				);
				INFOPLIST_FILE = createTests/Info.plist;
				LD_RUNPATH_SEARCH_PATHS = "$(inherited) @executable_path/Frameworks @loader_path/Frameworks";
				PRODUCT_NAME = "$(TARGET_NAME)";
				TEST_HOST = "$(BUILT_PRODUCTS_DIR)/create.app/create";
			};
			name = Release;
		};
/* End XCBuildConfiguration section */

/* Begin XCConfigurationList section */
		D7D953AB1AD93F680041F937 /* Build configuration list for PBXProject "create" */ = {
			isa = XCConfigurationList;
			buildConfigurations = (
				D7D953D71AD93F680041F937 /* Debug */,
				D7D953D81AD93F680041F937 /* Release */,
			);
			defaultConfigurationIsVisible = 0;
			defaultConfigurationName = Release;
		};
		D7D953D91AD93F680041F937 /* Build configuration list for PBXNativeTarget "create" */ = {
			isa = XCConfigurationList;
			buildConfigurations = (
				D7D953DA1AD93F680041F937 /* Debug */,
				D7D953DB1AD93F680041F937 /* Release */,
			);
			defaultConfigurationIsVisible = 0;
		};
		D7D953DC1AD93F680041F937 /* Build configuration list for PBXNativeTarget "createTests" */ = {
			isa = XCConfigurationList;
			buildConfigurations = (
				D7D953DD1AD93F680041F937 /* Debug */,
				D7D953DE1AD93F680041F937 /* Release */,
			);
			defaultConfigurationIsVisible = 0;
		};
/* End XCConfigurationList section */

/* Begin XCVersionGroup section */
		D7D953BA1AD93F680041F937 /* create.xcdatamodeld */ = {
			isa = XCVersionGroup;
			children = (
				D7D953BB1AD93F680041F937 /* create.xcdatamodel */,
			);
			currentVersion = D7D953BB1AD93F680041F937 /* create.xcdatamodel */;
			path = create.xcdatamodeld;
			sourceTree = "<group>";
			versionGroupType = wrapper.xcdatamodel;
		};
/* End XCVersionGroup section */
	};
	rootObject = D7D953A81AD93F680041F937 /* Project object */;
}
